// !$*UTF8*$!
{
	archiveVersion = 1;
	classes = {
	};
	objectVersion = 50;
	objects = {

/* Begin PBXBuildFile section */
		0CF4CD6C2441093600D0C006 /* AppDelegate.swift in Sources */ = {isa = PBXBuildFile; fileRef = 0CF4CD6B2441093600D0C006 /* AppDelegate.swift */; };
		0CF4CD6E2441093600D0C006 /* SceneDelegate.swift in Sources */ = {isa = PBXBuildFile; fileRef = 0CF4CD6D2441093600D0C006 /* SceneDelegate.swift */; };
		0CF4CD702441093600D0C006 /* ViewController.swift in Sources */ = {isa = PBXBuildFile; fileRef = 0CF4CD6F2441093600D0C006 /* ViewController.swift */; };
		0CF4CD732441093600D0C006 /* Main.storyboard in Resources */ = {isa = PBXBuildFile; fileRef = 0CF4CD712441093600D0C006 /* Main.storyboard */; };
		0CF4CD762441093600D0C006 /* D4_L9___Xcode_Projects___StoryBoard.xcdatamodeld in Sources */ = {isa = PBXBuildFile; fileRef = 0CF4CD742441093600D0C006 /* D4_L9___Xcode_Projects___StoryBoard.xcdatamodeld */; };
		0CF4CD782441093900D0C006 /* Assets.xcassets in Resources */ = {isa = PBXBuildFile; fileRef = 0CF4CD772441093900D0C006 /* Assets.xcassets */; };
		0CF4CD7B2441093900D0C006 /* LaunchScreen.storyboard in Resources */ = {isa = PBXBuildFile; fileRef = 0CF4CD792441093900D0C006 /* LaunchScreen.storyboard */; };
		0CF4CD862441093900D0C006 /* D4_L9___Xcode_Projects___StoryBoardTests.swift in Sources */ = {isa = PBXBuildFile; fileRef = 0CF4CD852441093900D0C006 /* D4_L9___Xcode_Projects___StoryBoardTests.swift */; };
		0CF4CD912441093900D0C006 /* D4_L9___Xcode_Projects___StoryBoardUITests.swift in Sources */ = {isa = PBXBuildFile; fileRef = 0CF4CD902441093900D0C006 /* D4_L9___Xcode_Projects___StoryBoardUITests.swift */; };
/* End PBXBuildFile section */

/* Begin PBXContainerItemProxy section */
		0CF4CD822441093900D0C006 /* PBXContainerItemProxy */ = {
			isa = PBXContainerItemProxy;
			containerPortal = 0CF4CD602441093600D0C006 /* Project object */;
			proxyType = 1;
			remoteGlobalIDString = 0CF4CD672441093600D0C006;
			remoteInfo = "D4.L9 - Xcode Projects & StoryBoard";
		};
		0CF4CD8D2441093900D0C006 /* PBXContainerItemProxy */ = {
			isa = PBXContainerItemProxy;
			containerPortal = 0CF4CD602441093600D0C006 /* Project object */;
			proxyType = 1;
			remoteGlobalIDString = 0CF4CD672441093600D0C006;
			remoteInfo = "D4.L9 - Xcode Projects & StoryBoard";
		};
/* End PBXContainerItemProxy section */

/* Begin PBXFileReference section */
		0CF4CD682441093600D0C006 /* D4.L9 - Xcode Projects & StoryBoard.app */ = {isa = PBXFileReference; explicitFileType = wrapper.application; includeInIndex = 0; path = "D4.L9 - Xcode Projects & StoryBoard.app"; sourceTree = BUILT_PRODUCTS_DIR; };
		0CF4CD6B2441093600D0C006 /* AppDelegate.swift */ = {isa = PBXFileReference; lastKnownFileType = sourcecode.swift; path = AppDelegate.swift; sourceTree = "<group>"; };
		0CF4CD6D2441093600D0C006 /* SceneDelegate.swift */ = {isa = PBXFileReference; lastKnownFileType = sourcecode.swift; path = SceneDelegate.swift; sourceTree = "<group>"; };
		0CF4CD6F2441093600D0C006 /* ViewController.swift */ = {isa = PBXFileReference; lastKnownFileType = sourcecode.swift; path = ViewController.swift; sourceTree = "<group>"; };
		0CF4CD722441093600D0C006 /* Base */ = {isa = PBXFileReference; lastKnownFileType = file.storyboard; name = Base; path = Base.lproj/Main.storyboard; sourceTree = "<group>"; };
		0CF4CD752441093600D0C006 /* D4_L9___Xcode_Projects___StoryBoard.xcdatamodel */ = {isa = PBXFileReference; lastKnownFileType = wrapper.xcdatamodel; path = "D4_L9___Xcode_Projects___StoryBoard.xcdatamodel"; sourceTree = "<group>"; };
		0CF4CD772441093900D0C006 /* Assets.xcassets */ = {isa = PBXFileReference; lastKnownFileType = folder.assetcatalog; path = Assets.xcassets; sourceTree = "<group>"; };
		0CF4CD7A2441093900D0C006 /* Base */ = {isa = PBXFileReference; lastKnownFileType = file.storyboard; name = Base; path = Base.lproj/LaunchScreen.storyboard; sourceTree = "<group>"; };
		0CF4CD7C2441093900D0C006 /* Info.plist */ = {isa = PBXFileReference; lastKnownFileType = text.plist.xml; path = Info.plist; sourceTree = "<group>"; };
		0CF4CD812441093900D0C006 /* D4.L9 - Xcode Projects & StoryBoardTests.xctest */ = {isa = PBXFileReference; explicitFileType = wrapper.cfbundle; includeInIndex = 0; path = "D4.L9 - Xcode Projects & StoryBoardTests.xctest"; sourceTree = BUILT_PRODUCTS_DIR; };
		0CF4CD852441093900D0C006 /* D4_L9___Xcode_Projects___StoryBoardTests.swift */ = {isa = PBXFileReference; lastKnownFileType = sourcecode.swift; path = "D4_L9___Xcode_Projects___StoryBoardTests.swift"; sourceTree = "<group>"; };
		0CF4CD872441093900D0C006 /* Info.plist */ = {isa = PBXFileReference; lastKnownFileType = text.plist.xml; path = Info.plist; sourceTree = "<group>"; };
		0CF4CD8C2441093900D0C006 /* D4.L9 - Xcode Projects & StoryBoardUITests.xctest */ = {isa = PBXFileReference; explicitFileType = wrapper.cfbundle; includeInIndex = 0; path = "D4.L9 - Xcode Projects & StoryBoardUITests.xctest"; sourceTree = BUILT_PRODUCTS_DIR; };
		0CF4CD902441093900D0C006 /* D4_L9___Xcode_Projects___StoryBoardUITests.swift */ = {isa = PBXFileReference; lastKnownFileType = sourcecode.swift; path = "D4_L9___Xcode_Projects___StoryBoardUITests.swift"; sourceTree = "<group>"; };
		0CF4CD922441093900D0C006 /* Info.plist */ = {isa = PBXFileReference; lastKnownFileType = text.plist.xml; path = Info.plist; sourceTree = "<group>"; };
/* End PBXFileReference section */

/* Begin PBXFrameworksBuildPhase section */
		0CF4CD652441093600D0C006 /* Frameworks */ = {
			isa = PBXFrameworksBuildPhase;
			buildActionMask = 2147483647;
			files = (
			);
			runOnlyForDeploymentPostprocessing = 0;
		};
		0CF4CD7E2441093900D0C006 /* Frameworks */ = {
			isa = PBXFrameworksBuildPhase;
			buildActionMask = 2147483647;
			files = (
			);
			runOnlyForDeploymentPostprocessing = 0;
		};
		0CF4CD892441093900D0C006 /* Frameworks */ = {
			isa = PBXFrameworksBuildPhase;
			buildActionMask = 2147483647;
			files = (
			);
			runOnlyForDeploymentPostprocessing = 0;
		};
/* End PBXFrameworksBuildPhase section */

/* Begin PBXGroup section */
		0CF4CD5F2441093600D0C006 = {
			isa = PBXGroup;
			children = (
				0CF4CD6A2441093600D0C006 /* D4.L9 - Xcode Projects & StoryBoard */,
				0CF4CD842441093900D0C006 /* D4.L9 - Xcode Projects & StoryBoardTests */,
				0CF4CD8F2441093900D0C006 /* D4.L9 - Xcode Projects & StoryBoardUITests */,
				0CF4CD692441093600D0C006 /* Products */,
			);
			sourceTree = "<group>";
		};
		0CF4CD692441093600D0C006 /* Products */ = {
			isa = PBXGroup;
			children = (
				0CF4CD682441093600D0C006 /* D4.L9 - Xcode Projects & StoryBoard.app */,
				0CF4CD812441093900D0C006 /* D4.L9 - Xcode Projects & StoryBoardTests.xctest */,
				0CF4CD8C2441093900D0C006 /* D4.L9 - Xcode Projects & StoryBoardUITests.xctest */,
			);
			name = Products;
			sourceTree = "<group>";
		};
		0CF4CD6A2441093600D0C006 /* D4.L9 - Xcode Projects & StoryBoard */ = {
			isa = PBXGroup;
			children = (
				0CF4CD6B2441093600D0C006 /* AppDelegate.swift */,
				0CF4CD6D2441093600D0C006 /* SceneDelegate.swift */,
				0CF4CD6F2441093600D0C006 /* ViewController.swift */,
				0CF4CD712441093600D0C006 /* Main.storyboard */,
				0CF4CD772441093900D0C006 /* Assets.xcassets */,
				0CF4CD792441093900D0C006 /* LaunchScreen.storyboard */,
				0CF4CD7C2441093900D0C006 /* Info.plist */,
				0CF4CD742441093600D0C006 /* D4_L9___Xcode_Projects___StoryBoard.xcdatamodeld */,
			);
			path = "D4.L9 - Xcode Projects & StoryBoard";
			sourceTree = "<group>";
		};
		0CF4CD842441093900D0C006 /* D4.L9 - Xcode Projects & StoryBoardTests */ = {
			isa = PBXGroup;
			children = (
				0CF4CD852441093900D0C006 /* D4_L9___Xcode_Projects___StoryBoardTests.swift */,
				0CF4CD872441093900D0C006 /* Info.plist */,
			);
			path = "D4.L9 - Xcode Projects & StoryBoardTests";
			sourceTree = "<group>";
		};
		0CF4CD8F2441093900D0C006 /* D4.L9 - Xcode Projects & StoryBoardUITests */ = {
			isa = PBXGroup;
			children = (
				0CF4CD902441093900D0C006 /* D4_L9___Xcode_Projects___StoryBoardUITests.swift */,
				0CF4CD922441093900D0C006 /* Info.plist */,
			);
			path = "D4.L9 - Xcode Projects & StoryBoardUITests";
			sourceTree = "<group>";
		};
/* End PBXGroup section */

/* Begin PBXNativeTarget section */
		0CF4CD672441093600D0C006 /* D4.L9 - Xcode Projects & StoryBoard */ = {
			isa = PBXNativeTarget;
			buildConfigurationList = 0CF4CD952441093900D0C006 /* Build configuration list for PBXNativeTarget "D4.L9 - Xcode Projects & StoryBoard" */;
			buildPhases = (
				0CF4CD642441093600D0C006 /* Sources */,
				0CF4CD652441093600D0C006 /* Frameworks */,
				0CF4CD662441093600D0C006 /* Resources */,
			);
			buildRules = (
			);
			dependencies = (
			);
			name = "D4.L9 - Xcode Projects & StoryBoard";
			productName = "D4.L9 - Xcode Projects & StoryBoard";
			productReference = 0CF4CD682441093600D0C006 /* D4.L9 - Xcode Projects & StoryBoard.app */;
			productType = "com.apple.product-type.application";
		};
		0CF4CD802441093900D0C006 /* D4.L9 - Xcode Projects & StoryBoardTests */ = {
			isa = PBXNativeTarget;
			buildConfigurationList = 0CF4CD982441093900D0C006 /* Build configuration list for PBXNativeTarget "D4.L9 - Xcode Projects & StoryBoardTests" */;
			buildPhases = (
				0CF4CD7D2441093900D0C006 /* Sources */,
				0CF4CD7E2441093900D0C006 /* Frameworks */,
				0CF4CD7F2441093900D0C006 /* Resources */,
			);
			buildRules = (
			);
			dependencies = (
				0CF4CD832441093900D0C006 /* PBXTargetDependency */,
			);
			name = "D4.L9 - Xcode Projects & StoryBoardTests";
			productName = "D4.L9 - Xcode Projects & StoryBoardTests";
			productReference = 0CF4CD812441093900D0C006 /* D4.L9 - Xcode Projects & StoryBoardTests.xctest */;
			productType = "com.apple.product-type.bundle.unit-test";
		};
		0CF4CD8B2441093900D0C006 /* D4.L9 - Xcode Projects & StoryBoardUITests */ = {
			isa = PBXNativeTarget;
			buildConfigurationList = 0CF4CD9B2441093900D0C006 /* Build configuration list for PBXNativeTarget "D4.L9 - Xcode Projects & StoryBoardUITests" */;
			buildPhases = (
				0CF4CD882441093900D0C006 /* Sources */,
				0CF4CD892441093900D0C006 /* Frameworks */,
				0CF4CD8A2441093900D0C006 /* Resources */,
			);
			buildRules = (
			);
			dependencies = (
				0CF4CD8E2441093900D0C006 /* PBXTargetDependency */,
			);
			name = "D4.L9 - Xcode Projects & StoryBoardUITests";
			productName = "D4.L9 - Xcode Projects & StoryBoardUITests";
			productReference = 0CF4CD8C2441093900D0C006 /* D4.L9 - Xcode Projects & StoryBoardUITests.xctest */;
			productType = "com.apple.product-type.bundle.ui-testing";
		};
/* End PBXNativeTarget section */

/* Begin PBXProject section */
		0CF4CD602441093600D0C006 /* Project object */ = {
			isa = PBXProject;
			attributes = {
				LastSwiftUpdateCheck = 1140;
				LastUpgradeCheck = 1140;
				ORGANIZATIONNAME = KWK;
				TargetAttributes = {
					0CF4CD672441093600D0C006 = {
						CreatedOnToolsVersion = 11.4;
					};
					0CF4CD802441093900D0C006 = {
						CreatedOnToolsVersion = 11.4;
						TestTargetID = 0CF4CD672441093600D0C006;
					};
					0CF4CD8B2441093900D0C006 = {
						CreatedOnToolsVersion = 11.4;
						TestTargetID = 0CF4CD672441093600D0C006;
					};
				};
			};
			buildConfigurationList = 0CF4CD632441093600D0C006 /* Build configuration list for PBXProject "D4.L9 - Xcode Projects & StoryBoard" */;
			compatibilityVersion = "Xcode 9.3";
			developmentRegion = en;
			hasScannedForEncodings = 0;
			knownRegions = (
				en,
				Base,
			);
			mainGroup = 0CF4CD5F2441093600D0C006;
			productRefGroup = 0CF4CD692441093600D0C006 /* Products */;
			projectDirPath = "";
			projectRoot = "";
			targets = (
				0CF4CD672441093600D0C006 /* D4.L9 - Xcode Projects & StoryBoard */,
				0CF4CD802441093900D0C006 /* D4.L9 - Xcode Projects & StoryBoardTests */,
				0CF4CD8B2441093900D0C006 /* D4.L9 - Xcode Projects & StoryBoardUITests */,
			);
		};
/* End PBXProject section */

/* Begin PBXResourcesBuildPhase section */
		0CF4CD662441093600D0C006 /* Resources */ = {
			isa = PBXResourcesBuildPhase;
			buildActionMask = 2147483647;
			files = (
				0CF4CD7B2441093900D0C006 /* LaunchScreen.storyboard in Resources */,
				0CF4CD782441093900D0C006 /* Assets.xcassets in Resources */,
				0CF4CD732441093600D0C006 /* Main.storyboard in Resources */,
			);
			runOnlyForDeploymentPostprocessing = 0;
		};
		0CF4CD7F2441093900D0C006 /* Resources */ = {
			isa = PBXResourcesBuildPhase;
			buildActionMask = 2147483647;
			files = (
			);
			runOnlyForDeploymentPostprocessing = 0;
		};
		0CF4CD8A2441093900D0C006 /* Resources */ = {
			isa = PBXResourcesBuildPhase;
			buildActionMask = 2147483647;
			files = (
			);
			runOnlyForDeploymentPostprocessing = 0;
		};
/* End PBXResourcesBuildPhase section */

/* Begin PBXSourcesBuildPhase section */
		0CF4CD642441093600D0C006 /* Sources */ = {
			isa = PBXSourcesBuildPhase;
			buildActionMask = 2147483647;
			files = (
				0CF4CD702441093600D0C006 /* ViewController.swift in Sources */,
				0CF4CD6C2441093600D0C006 /* AppDelegate.swift in Sources */,
				0CF4CD6E2441093600D0C006 /* SceneDelegate.swift in Sources */,
				0CF4CD762441093600D0C006 /* D4_L9___Xcode_Projects___StoryBoard.xcdatamodeld in Sources */,
			);
			runOnlyForDeploymentPostprocessing = 0;
		};
		0CF4CD7D2441093900D0C006 /* Sources */ = {
			isa = PBXSourcesBuildPhase;
			buildActionMask = 2147483647;
			files = (
				0CF4CD862441093900D0C006 /* D4_L9___Xcode_Projects___StoryBoardTests.swift in Sources */,
			);
			runOnlyForDeploymentPostprocessing = 0;
		};
		0CF4CD882441093900D0C006 /* Sources */ = {
			isa = PBXSourcesBuildPhase;
			buildActionMask = 2147483647;
			files = (
				0CF4CD912441093900D0C006 /* D4_L9___Xcode_Projects___StoryBoardUITests.swift in Sources */,
			);
			runOnlyForDeploymentPostprocessing = 0;
		};
/* End PBXSourcesBuildPhase section */

/* Begin PBXTargetDependency section */
		0CF4CD832441093900D0C006 /* PBXTargetDependency */ = {
			isa = PBXTargetDependency;
			target = 0CF4CD672441093600D0C006 /* D4.L9 - Xcode Projects & StoryBoard */;
			targetProxy = 0CF4CD822441093900D0C006 /* PBXContainerItemProxy */;
		};
		0CF4CD8E2441093900D0C006 /* PBXTargetDependency */ = {
			isa = PBXTargetDependency;
			target = 0CF4CD672441093600D0C006 /* D4.L9 - Xcode Projects & StoryBoard */;
			targetProxy = 0CF4CD8D2441093900D0C006 /* PBXContainerItemProxy */;
		};
/* End PBXTargetDependency section */

/* Begin PBXVariantGroup section */
		0CF4CD712441093600D0C006 /* Main.storyboard */ = {
			isa = PBXVariantGroup;
			children = (
				0CF4CD722441093600D0C006 /* Base */,
			);
			name = Main.storyboard;
			sourceTree = "<group>";
		};
		0CF4CD792441093900D0C006 /* LaunchScreen.storyboard */ = {
			isa = PBXVariantGroup;
			children = (
				0CF4CD7A2441093900D0C006 /* Base */,
			);
			name = LaunchScreen.storyboard;
			sourceTree = "<group>";
		};
/* End PBXVariantGroup section */

/* Begin XCBuildConfiguration section */
		0CF4CD932441093900D0C006 /* Debug */ = {
			isa = XCBuildConfiguration;
			buildSettings = {
				ALWAYS_SEARCH_USER_PATHS = NO;
				CLANG_ANALYZER_NONNULL = YES;
				CLANG_ANALYZER_NUMBER_OBJECT_CONVERSION = YES_AGGRESSIVE;
				CLANG_CXX_LANGUAGE_STANDARD = "gnu++14";
				CLANG_CXX_LIBRARY = "libc++";
				CLANG_ENABLE_MODULES = YES;
				CLANG_ENABLE_OBJC_ARC = YES;
				CLANG_ENABLE_OBJC_WEAK = YES;
				CLANG_WARN_BLOCK_CAPTURE_AUTORELEASING = YES;
				CLANG_WARN_BOOL_CONVERSION = YES;
				CLANG_WARN_COMMA = YES;
				CLANG_WARN_CONSTANT_CONVERSION = YES;
				CLANG_WARN_DEPRECATED_OBJC_IMPLEMENTATIONS = YES;
				CLANG_WARN_DIRECT_OBJC_ISA_USAGE = YES_ERROR;
				CLANG_WARN_DOCUMENTATION_COMMENTS = YES;
				CLANG_WARN_EMPTY_BODY = YES;
				CLANG_WARN_ENUM_CONVERSION = YES;
				CLANG_WARN_INFINITE_RECURSION = YES;
				CLANG_WARN_INT_CONVERSION = YES;
				CLANG_WARN_NON_LITERAL_NULL_CONVERSION = YES;
				CLANG_WARN_OBJC_IMPLICIT_RETAIN_SELF = YES;
				CLANG_WARN_OBJC_LITERAL_CONVERSION = YES;
				CLANG_WARN_OBJC_ROOT_CLASS = YES_ERROR;
				CLANG_WARN_RANGE_LOOP_ANALYSIS = YES;
				CLANG_WARN_STRICT_PROTOTYPES = YES;
				CLANG_WARN_SUSPICIOUS_MOVE = YES;
				CLANG_WARN_UNGUARDED_AVAILABILITY = YES_AGGRESSIVE;
				CLANG_WARN_UNREACHABLE_CODE = YES;
				CLANG_WARN__DUPLICATE_METHOD_MATCH = YES;
				COPY_PHASE_STRIP = NO;
				DEBUG_INFORMATION_FORMAT = dwarf;
				ENABLE_STRICT_OBJC_MSGSEND = YES;
				ENABLE_TESTABILITY = YES;
				GCC_C_LANGUAGE_STANDARD = gnu11;
				GCC_DYNAMIC_NO_PIC = NO;
				GCC_NO_COMMON_BLOCKS = YES;
				GCC_OPTIMIZATION_LEVEL = 0;
				GCC_PREPROCESSOR_DEFINITIONS = (
					"DEBUG=1",
					"$(inherited)",
				);
				GCC_WARN_64_TO_32_BIT_CONVERSION = YES;
				GCC_WARN_ABOUT_RETURN_TYPE = YES_ERROR;
				GCC_WARN_UNDECLARED_SELECTOR = YES;
				GCC_WARN_UNINITIALIZED_AUTOS = YES_AGGRESSIVE;
				GCC_WARN_UNUSED_FUNCTION = YES;
				GCC_WARN_UNUSED_VARIABLE = YES;
				IPHONEOS_DEPLOYMENT_TARGET = 13.4;
				MTL_ENABLE_DEBUG_INFO = INCLUDE_SOURCE;
				MTL_FAST_MATH = YES;
				ONLY_ACTIVE_ARCH = YES;
				SDKROOT = iphoneos;
				SWIFT_ACTIVE_COMPILATION_CONDITIONS = DEBUG;
				SWIFT_OPTIMIZATION_LEVEL = "-Onone";
			};
			name = Debug;
		};
		0CF4CD942441093900D0C006 /* Release */ = {
			isa = XCBuildConfiguration;
			buildSettings = {
				ALWAYS_SEARCH_USER_PATHS = NO;
				CLANG_ANALYZER_NONNULL = YES;
				CLANG_ANALYZER_NUMBER_OBJECT_CONVERSION = YES_AGGRESSIVE;
				CLANG_CXX_LANGUAGE_STANDARD = "gnu++14";
				CLANG_CXX_LIBRARY = "libc++";
				CLANG_ENABLE_MODULES = YES;
				CLANG_ENABLE_OBJC_ARC = YES;
				CLANG_ENABLE_OBJC_WEAK = YES;
				CLANG_WARN_BLOCK_CAPTURE_AUTORELEASING = YES;
				CLANG_WARN_BOOL_CONVERSION = YES;
				CLANG_WARN_COMMA = YES;
				CLANG_WARN_CONSTANT_CONVERSION = YES;
				CLANG_WARN_DEPRECATED_OBJC_IMPLEMENTATIONS = YES;
				CLANG_WARN_DIRECT_OBJC_ISA_USAGE = YES_ERROR;
				CLANG_WARN_DOCUMENTATION_COMMENTS = YES;
				CLANG_WARN_EMPTY_BODY = YES;
				CLANG_WARN_ENUM_CONVERSION = YES;
				CLANG_WARN_INFINITE_RECURSION = YES;
				CLANG_WARN_INT_CONVERSION = YES;
				CLANG_WARN_NON_LITERAL_NULL_CONVERSION = YES;
				CLANG_WARN_OBJC_IMPLICIT_RETAIN_SELF = YES;
				CLANG_WARN_OBJC_LITERAL_CONVERSION = YES;
				CLANG_WARN_OBJC_ROOT_CLASS = YES_ERROR;
				CLANG_WARN_RANGE_LOOP_ANALYSIS = YES;
				CLANG_WARN_STRICT_PROTOTYPES = YES;
				CLANG_WARN_SUSPICIOUS_MOVE = YES;
				CLANG_WARN_UNGUARDED_AVAILABILITY = YES_AGGRESSIVE;
				CLANG_WARN_UNREACHABLE_CODE = YES;
				CLANG_WARN__DUPLICATE_METHOD_MATCH = YES;
				COPY_PHASE_STRIP = NO;
				DEBUG_INFORMATION_FORMAT = "dwarf-with-dsym";
				ENABLE_NS_ASSERTIONS = NO;
				ENABLE_STRICT_OBJC_MSGSEND = YES;
				GCC_C_LANGUAGE_STANDARD = gnu11;
				GCC_NO_COMMON_BLOCKS = YES;
				GCC_WARN_64_TO_32_BIT_CONVERSION = YES;
				GCC_WARN_ABOUT_RETURN_TYPE = YES_ERROR;
				GCC_WARN_UNDECLARED_SELECTOR = YES;
				GCC_WARN_UNINITIALIZED_AUTOS = YES_AGGRESSIVE;
				GCC_WARN_UNUSED_FUNCTION = YES;
				GCC_WARN_UNUSED_VARIABLE = YES;
				IPHONEOS_DEPLOYMENT_TARGET = 13.4;
				MTL_ENABLE_DEBUG_INFO = NO;
				MTL_FAST_MATH = YES;
				SDKROOT = iphoneos;
				SWIFT_COMPILATION_MODE = wholemodule;
				SWIFT_OPTIMIZATION_LEVEL = "-O";
				VALIDATE_PRODUCT = YES;
			};
			name = Release;
		};
		0CF4CD962441093900D0C006 /* Debug */ = {
			isa = XCBuildConfiguration;
			buildSettings = {
				ASSETCATALOG_COMPILER_APPICON_NAME = AppIcon;
				CODE_SIGN_STYLE = Automatic;
				INFOPLIST_FILE = "D4.L9 - Xcode Projects & StoryBoard/Info.plist";
				LD_RUNPATH_SEARCH_PATHS = (
					"$(inherited)",
					"@executable_path/Frameworks",
				);
				PRODUCT_BUNDLE_IDENTIFIER = "Mark-Cheng.D4-L9---Xcode-Projects---StoryBoard";
				PRODUCT_NAME = "$(TARGET_NAME)";
				SWIFT_VERSION = 5.0;
				TARGETED_DEVICE_FAMILY = "1,2";
			};
			name = Debug;
		};
		0CF4CD972441093900D0C006 /* Release */ = {
			isa = XCBuildConfiguration;
			buildSettings = {
				ASSETCATALOG_COMPILER_APPICON_NAME = AppIcon;
				CODE_SIGN_STYLE = Automatic;
				INFOPLIST_FILE = "D4.L9 - Xcode Projects & StoryBoard/Info.plist";
				LD_RUNPATH_SEARCH_PATHS = (
					"$(inherited)",
					"@executable_path/Frameworks",
				);
				PRODUCT_BUNDLE_IDENTIFIER = "Mark-Cheng.D4-L9---Xcode-Projects---StoryBoard";
				PRODUCT_NAME = "$(TARGET_NAME)";
				SWIFT_VERSION = 5.0;
				TARGETED_DEVICE_FAMILY = "1,2";
			};
			name = Release;
		};
		0CF4CD992441093900D0C006 /* Debug */ = {
			isa = XCBuildConfiguration;
			buildSettings = {
				ALWAYS_EMBED_SWIFT_STANDARD_LIBRARIES = YES;
				BUNDLE_LOADER = "$(TEST_HOST)";
				CODE_SIGN_STYLE = Automatic;
				INFOPLIST_FILE = "D4.L9 - Xcode Projects & StoryBoardTests/Info.plist";
				IPHONEOS_DEPLOYMENT_TARGET = 13.4;
				LD_RUNPATH_SEARCH_PATHS = (
					"$(inherited)",
					"@executable_path/Frameworks",
					"@loader_path/Frameworks",
				);
				PRODUCT_BUNDLE_IDENTIFIER = "Mark-Cheng.D4-L9---Xcode-Projects---StoryBoardTests";
				PRODUCT_NAME = "$(TARGET_NAME)";
				SWIFT_VERSION = 5.0;
				TARGETED_DEVICE_FAMILY = "1,2";
				TEST_HOST = "$(BUILT_PRODUCTS_DIR)/D4.L9 - Xcode Projects & StoryBoard.app/D4.L9 - Xcode Projects & StoryBoard";
			};
			name = Debug;
		};
		0CF4CD9A2441093900D0C006 /* Release */ = {
			isa = XCBuildConfiguration;
			buildSettings = {
				ALWAYS_EMBED_SWIFT_STANDARD_LIBRARIES = YES;
				BUNDLE_LOADER = "$(TEST_HOST)";
				CODE_SIGN_STYLE = Automatic;
				INFOPLIST_FILE = "D4.L9 - Xcode Projects & StoryBoardTests/Info.plist";
				IPHONEOS_DEPLOYMENT_TARGET = 13.4;
				LD_RUNPATH_SEARCH_PATHS = (
					"$(inherited)",
					"@executable_path/Frameworks",
					"@loader_path/Frameworks",
				);
				PRODUCT_BUNDLE_IDENTIFIER = "Mark-Cheng.D4-L9---Xcode-Projects---StoryBoardTests";
				PRODUCT_NAME = "$(TARGET_NAME)";
				SWIFT_VERSION = 5.0;
				TARGETED_DEVICE_FAMILY = "1,2";
				TEST_HOST = "$(BUILT_PRODUCTS_DIR)/D4.L9 - Xcode Projects & StoryBoard.app/D4.L9 - Xcode Projects & StoryBoard";
			};
			name = Release;
		};
		0CF4CD9C2441093900D0C006 /* Debug */ = {
			isa = XCBuildConfiguration;
			buildSettings = {
				ALWAYS_EMBED_SWIFT_STANDARD_LIBRARIES = YES;
				CODE_SIGN_STYLE = Automatic;
				INFOPLIST_FILE = "D4.L9 - Xcode Projects & StoryBoardUITests/Info.plist";
				LD_RUNPATH_SEARCH_PATHS = (
					"$(inherited)",
					"@executable_path/Frameworks",
					"@loader_path/Frameworks",
				);
				PRODUCT_BUNDLE_IDENTIFIER = "Mark-Cheng.D4-L9---Xcode-Projects---StoryBoardUITests";
				PRODUCT_NAME = "$(TARGET_NAME)";
				SWIFT_VERSION = 5.0;
				TARGETED_DEVICE_FAMILY = "1,2";
				TEST_TARGET_NAME = "D4.L9 - Xcode Projects & StoryBoard";
			};
			name = Debug;
		};
		0CF4CD9D2441093900D0C006 /* Release */ = {
			isa = XCBuildConfiguration;
			buildSettings = {
				ALWAYS_EMBED_SWIFT_STANDARD_LIBRARIES = YES;
				CODE_SIGN_STYLE = Automatic;
				INFOPLIST_FILE = "D4.L9 - Xcode Projects & StoryBoardUITests/Info.plist";
				LD_RUNPATH_SEARCH_PATHS = (
					"$(inherited)",
					"@executable_path/Frameworks",
					"@loader_path/Frameworks",
				);
				PRODUCT_BUNDLE_IDENTIFIER = "Mark-Cheng.D4-L9---Xcode-Projects---StoryBoardUITests";
				PRODUCT_NAME = "$(TARGET_NAME)";
				SWIFT_VERSION = 5.0;
				TARGETED_DEVICE_FAMILY = "1,2";
				TEST_TARGET_NAME = "D4.L9 - Xcode Projects & StoryBoard";
			};
			name = Release;
		};
/* End XCBuildConfiguration section */

/* Begin XCConfigurationList section */
		0CF4CD632441093600D0C006 /* Build configuration list for PBXProject "D4.L9 - Xcode Projects & StoryBoard" */ = {
			isa = XCConfigurationList;
			buildConfigurations = (
				0CF4CD932441093900D0C006 /* Debug */,
				0CF4CD942441093900D0C006 /* Release */,
			);
			defaultConfigurationIsVisible = 0;
			defaultConfigurationName = Release;
		};
		0CF4CD952441093900D0C006 /* Build configuration list for PBXNativeTarget "D4.L9 - Xcode Projects & StoryBoard" */ = {
			isa = XCConfigurationList;
			buildConfigurations = (
				0CF4CD962441093900D0C006 /* Debug */,
				0CF4CD972441093900D0C006 /* Release */,
			);
			defaultConfigurationIsVisible = 0;
			defaultConfigurationName = Release;
		};
		0CF4CD982441093900D0C006 /* Build configuration list for PBXNativeTarget "D4.L9 - Xcode Projects & StoryBoardTests" */ = {
			isa = XCConfigurationList;
			buildConfigurations = (
				0CF4CD992441093900D0C006 /* Debug */,
				0CF4CD9A2441093900D0C006 /* Release */,
			);
			defaultConfigurationIsVisible = 0;
			defaultConfigurationName = Release;
		};
		0CF4CD9B2441093900D0C006 /* Build configuration list for PBXNativeTarget "D4.L9 - Xcode Projects & StoryBoardUITests" */ = {
			isa = XCConfigurationList;
			buildConfigurations = (
				0CF4CD9C2441093900D0C006 /* Debug */,
				0CF4CD9D2441093900D0C006 /* Release */,
			);
			defaultConfigurationIsVisible = 0;
			defaultConfigurationName = Release;
		};
/* End XCConfigurationList section */

/* Begin XCVersionGroup section */
		0CF4CD742441093600D0C006 /* D4_L9___Xcode_Projects___StoryBoard.xcdatamodeld */ = {
			isa = XCVersionGroup;
			children = (
				0CF4CD752441093600D0C006 /* D4_L9___Xcode_Projects___StoryBoard.xcdatamodel */,
			);
			currentVersion = 0CF4CD752441093600D0C006 /* D4_L9___Xcode_Projects___StoryBoard.xcdatamodel */;
			path = "D4_L9___Xcode_Projects___StoryBoard.xcdatamodeld";
			sourceTree = "<group>";
			versionGroupType = wrapper.xcdatamodel;
		};
/* End XCVersionGroup section */
	};
	rootObject = 0CF4CD602441093600D0C006 /* Project object */;
}
